
Microsoft Visual Studio Solution File, Format Version 12.00
# Visual Studio Version 16
VisualStudioVersion = 16.0.32510.428
MinimumVisualStudioVersion = 10.0.40219.1
Project("{FAE04EC0-301F-11D3-BF4B-00C04F79EFBC}") = "SeleniumAutomationYoui", "SeleniumAutomationYoui\SeleniumAutomationYoui.csproj", "{D0C13121-111B-4B37-917F-7056577915ED}"
EndProject
Global
	GlobalSection(SolutionConfigurationPlatforms) = preSolution
		Debug|Any CPU = Debug|Any CPU
		Release|Any CPU = Release|Any CPU
	EndGlobalSection
	GlobalSection(ProjectConfigurationPlatforms) = postSolution
		{D0C13121-111B-4B37-917F-7056577915ED}.Debug|Any CPU.ActiveCfg = Debug|Any CPU
		{D0C13121-111B-4B37-917F-7056577915ED}.Debug|Any CPU.Build.0 = Debug|Any CPU
		{D0C13121-111B-4B37-917F-7056577915ED}.Release|Any CPU.ActiveCfg = Release|Any CPU
		{D0C13121-111B-4B37-917F-7056577915ED}.Release|Any CPU.Build.0 = Release|Any CPU
	EndGlobalSection
	GlobalSection(SolutionProperties) = preSolution
		HideSolutionNode = FALSE
	EndGlobalSection
	GlobalSection(ExtensibilityGlobals) = postSolution
		SolutionGuid = {A6E7BC3A-B595-4B0A-8477-4BF81959C957}
	EndGlobalSection
EndGlobal
